
Microsoft Visual Studio Solution File, Format Version 12.00
# Visual Studio Version 17
VisualStudioVersion = 17.7.34202.233
MinimumVisualStudioVersion = 10.0.40219.1
Project("{FAE04EC0-301F-11D3-BF4B-00C04F79EFBC}") = "PSEE", "PSEE\PSEE.csproj", "{86D3B78E-1F97-474F-9F7D-87C39BDBC480}"
EndProject
Global
	GlobalSection(SolutionConfigurationPlatforms) = preSolution
		Debug|Any CPU = Debug|Any CPU
		Release|Any CPU = Release|Any CPU
	EndGlobalSection
	GlobalSection(ProjectConfigurationPlatforms) = postSolution
		{86D3B78E-1F97-474F-9F7D-87C39BDBC480}.Debug|Any CPU.ActiveCfg = Debug|Any CPU
		{86D3B78E-1F97-474F-9F7D-87C39BDBC480}.Debug|Any CPU.Build.0 = Debug|Any CPU
		{86D3B78E-1F97-474F-9F7D-87C39BDBC480}.Release|Any CPU.ActiveCfg = Release|Any CPU
		{86D3B78E-1F97-474F-9F7D-87C39BDBC480}.Release|Any CPU.Build.0 = Release|Any CPU
	EndGlobalSection
	GlobalSection(SolutionProperties) = preSolution
		HideSolutionNode = FALSE
	EndGlobalSection
	GlobalSection(ExtensibilityGlobals) = postSolution
		SolutionGuid = {C482FDB3-0810-47ED-850C-1B79D246B0F4}
	EndGlobalSection
EndGlobal
